
Microsoft Visual Studio Solution File, Format Version 12.00
# Visual Studio Version 16
VisualStudioVersion = 16.0.29326.143
MinimumVisualStudioVersion = 10.0.40219.1
Project("{FAE04EC0-301F-11D3-BF4B-00C04F79EFBC}") = "Store", "Store\Store.csproj", "{71793B1B-324D-4C5C-8502-B5BDE7EBF881}"
EndProject
Project("{2150E333-8FDC-42A3-9474-1A3956D46DE8}") = "src", "src", "{CC6F9A9A-FF4B-44A1-A285-735476E8C717}"
EndProject
Project("{2150E333-8FDC-42A3-9474-1A3956D46DE8}") = "Models", "Models", "{D9A582AA-2BD5-40D8-842A-EDA2C413DFD7}"
EndProject
Project("{2150E333-8FDC-42A3-9474-1A3956D46DE8}") = "Solution Items", "Solution Items", "{10358A3E-47D5-4FD5-A508-1DC56FFC8BAC}"
EndProject
Project("{2150E333-8FDC-42A3-9474-1A3956D46DE8}") = "Views", "Views", "{BE72ABE2-7EC4-4FD8-B02D-9AA65054E6F4}"
EndProject
Project("{2150E333-8FDC-42A3-9474-1A3956D46DE8}") = "Controllers", "Controllers", "{E42DB0EC-2B57-4921-A654-BF06DCB54D65}"
EndProject
Project("{2150E333-8FDC-42A3-9474-1A3956D46DE8}") = "Test", "Test", "{92FD0026-5A49-4AF3-9F40-0246B43AA539}"
EndProject
Global
	GlobalSection(SolutionConfigurationPlatforms) = preSolution
		Debug|Any CPU = Debug|Any CPU
		Release|Any CPU = Release|Any CPU
	EndGlobalSection
	GlobalSection(ProjectConfigurationPlatforms) = postSolution
		{71793B1B-324D-4C5C-8502-B5BDE7EBF881}.Debug|Any CPU.ActiveCfg = Debug|Any CPU
		{71793B1B-324D-4C5C-8502-B5BDE7EBF881}.Debug|Any CPU.Build.0 = Debug|Any CPU
		{71793B1B-324D-4C5C-8502-B5BDE7EBF881}.Release|Any CPU.ActiveCfg = Release|Any CPU
		{71793B1B-324D-4C5C-8502-B5BDE7EBF881}.Release|Any CPU.Build.0 = Release|Any CPU
	EndGlobalSection
	GlobalSection(SolutionProperties) = preSolution
		HideSolutionNode = FALSE
	EndGlobalSection
	GlobalSection(NestedProjects) = preSolution
		{71793B1B-324D-4C5C-8502-B5BDE7EBF881} = {CC6F9A9A-FF4B-44A1-A285-735476E8C717}
		{D9A582AA-2BD5-40D8-842A-EDA2C413DFD7} = {CC6F9A9A-FF4B-44A1-A285-735476E8C717}
		{BE72ABE2-7EC4-4FD8-B02D-9AA65054E6F4} = {CC6F9A9A-FF4B-44A1-A285-735476E8C717}
		{E42DB0EC-2B57-4921-A654-BF06DCB54D65} = {CC6F9A9A-FF4B-44A1-A285-735476E8C717}
	EndGlobalSection
	GlobalSection(ExtensibilityGlobals) = postSolution
		SolutionGuid = {556D2251-0DE5-45AE-9CFF-B3540558063B}
	EndGlobalSection
EndGlobal
